// !$*UTF8*$!
{
	archiveVersion = 1;
	classes = {
	};
	objectVersion = 56;
	objects = {

/* Begin PBXBuildFile section */
		68E93DFD2BE8716F0096A84F /* AppDelegate.swift in Sources */ = {isa = PBXBuildFile; fileRef = 68E93DFC2BE8716F0096A84F /* AppDelegate.swift */; };
		68E93DFF2BE8716F0096A84F /* SceneDelegate.swift in Sources */ = {isa = PBXBuildFile; fileRef = 68E93DFE2BE8716F0096A84F /* SceneDelegate.swift */; };
		68E93E012BE8716F0096A84F /* ViewController.swift in Sources */ = {isa = PBXBuildFile; fileRef = 68E93E002BE8716F0096A84F /* ViewController.swift */; };
		68E93E042BE8716F0096A84F /* Base in Resources */ = {isa = PBXBuildFile; fileRef = 68E93E032BE8716F0096A84F /* Base */; };
		68E93E072BE8716F0096A84F /* ProjetoGerenciaFrontEnd.xcdatamodeld in Sources */ = {isa = PBXBuildFile; fileRef = 68E93E052BE8716F0096A84F /* ProjetoGerenciaFrontEnd.xcdatamodeld */; };
		68E93E092BE871700096A84F /* Assets.xcassets in Resources */ = {isa = PBXBuildFile; fileRef = 68E93E082BE871700096A84F /* Assets.xcassets */; };
		68E93E0C2BE871700096A84F /* Base in Resources */ = {isa = PBXBuildFile; fileRef = 68E93E0B2BE871700096A84F /* Base */; };
		68E93E172BE871700096A84F /* ProjetoGerenciaFrontEndTests.swift in Sources */ = {isa = PBXBuildFile; fileRef = 68E93E162BE871700096A84F /* ProjetoGerenciaFrontEndTests.swift */; };
		68E93E212BE871700096A84F /* ProjetoGerenciaFrontEndUITests.swift in Sources */ = {isa = PBXBuildFile; fileRef = 68E93E202BE871700096A84F /* ProjetoGerenciaFrontEndUITests.swift */; };
		68E93E232BE871700096A84F /* ProjetoGerenciaFrontEndUITestsLaunchTests.swift in Sources */ = {isa = PBXBuildFile; fileRef = 68E93E222BE871700096A84F /* ProjetoGerenciaFrontEndUITestsLaunchTests.swift */; };
/* End PBXBuildFile section */

/* Begin PBXContainerItemProxy section */
		68E93E132BE871700096A84F /* PBXContainerItemProxy */ = {
			isa = PBXContainerItemProxy;
			containerPortal = 68E93DF12BE8716F0096A84F /* Project object */;
			proxyType = 1;
			remoteGlobalIDString = 68E93DF82BE8716F0096A84F;
			remoteInfo = ProjetoGerenciaFrontEnd;
		};
		68E93E1D2BE871700096A84F /* PBXContainerItemProxy */ = {
			isa = PBXContainerItemProxy;
			containerPortal = 68E93DF12BE8716F0096A84F /* Project object */;
			proxyType = 1;
			remoteGlobalIDString = 68E93DF82BE8716F0096A84F;
			remoteInfo = ProjetoGerenciaFrontEnd;
		};
/* End PBXContainerItemProxy section */

/* Begin PBXFileReference section */
		68E93DF92BE8716F0096A84F /* ProjetoGerenciaFrontEnd.app */ = {isa = PBXFileReference; explicitFileType = wrapper.application; includeInIndex = 0; path = ProjetoGerenciaFrontEnd.app; sourceTree = BUILT_PRODUCTS_DIR; };
		68E93DFC2BE8716F0096A84F /* AppDelegate.swift */ = {isa = PBXFileReference; lastKnownFileType = sourcecode.swift; path = AppDelegate.swift; sourceTree = "<group>"; };
		68E93DFE2BE8716F0096A84F /* SceneDelegate.swift */ = {isa = PBXFileReference; lastKnownFileType = sourcecode.swift; path = SceneDelegate.swift; sourceTree = "<group>"; };
		68E93E002BE8716F0096A84F /* ViewController.swift */ = {isa = PBXFileReference; lastKnownFileType = sourcecode.swift; path = ViewController.swift; sourceTree = "<group>"; };
		68E93E032BE8716F0096A84F /* Base */ = {isa = PBXFileReference; lastKnownFileType = file.storyboard; name = Base; path = Base.lproj/Main.storyboard; sourceTree = "<group>"; };
		68E93E062BE8716F0096A84F /* ProjetoGerenciaFrontEnd.xcdatamodel */ = {isa = PBXFileReference; lastKnownFileType = wrapper.xcdatamodel; path = ProjetoGerenciaFrontEnd.xcdatamodel; sourceTree = "<group>"; };
		68E93E082BE871700096A84F /* Assets.xcassets */ = {isa = PBXFileReference; lastKnownFileType = folder.assetcatalog; path = Assets.xcassets; sourceTree = "<group>"; };
		68E93E0B2BE871700096A84F /* Base */ = {isa = PBXFileReference; lastKnownFileType = file.storyboard; name = Base; path = Base.lproj/LaunchScreen.storyboard; sourceTree = "<group>"; };
		68E93E0D2BE871700096A84F /* Info.plist */ = {isa = PBXFileReference; lastKnownFileType = text.plist.xml; path = Info.plist; sourceTree = "<group>"; };
		68E93E122BE871700096A84F /* ProjetoGerenciaFrontEndTests.xctest */ = {isa = PBXFileReference; explicitFileType = wrapper.cfbundle; includeInIndex = 0; path = ProjetoGerenciaFrontEndTests.xctest; sourceTree = BUILT_PRODUCTS_DIR; };
		68E93E162BE871700096A84F /* ProjetoGerenciaFrontEndTests.swift */ = {isa = PBXFileReference; lastKnownFileType = sourcecode.swift; path = ProjetoGerenciaFrontEndTests.swift; sourceTree = "<group>"; };
		68E93E1C2BE871700096A84F /* ProjetoGerenciaFrontEndUITests.xctest */ = {isa = PBXFileReference; explicitFileType = wrapper.cfbundle; includeInIndex = 0; path = ProjetoGerenciaFrontEndUITests.xctest; sourceTree = BUILT_PRODUCTS_DIR; };
		68E93E202BE871700096A84F /* ProjetoGerenciaFrontEndUITests.swift */ = {isa = PBXFileReference; lastKnownFileType = sourcecode.swift; path = ProjetoGerenciaFrontEndUITests.swift; sourceTree = "<group>"; };
		68E93E222BE871700096A84F /* ProjetoGerenciaFrontEndUITestsLaunchTests.swift */ = {isa = PBXFileReference; lastKnownFileType = sourcecode.swift; path = ProjetoGerenciaFrontEndUITestsLaunchTests.swift; sourceTree = "<group>"; };
/* End PBXFileReference section */

/* Begin PBXFrameworksBuildPhase section */
		68E93DF62BE8716F0096A84F /* Frameworks */ = {
			isa = PBXFrameworksBuildPhase;
			buildActionMask = 2147483647;
			files = (
			);
			runOnlyForDeploymentPostprocessing = 0;
		};
		68E93E0F2BE871700096A84F /* Frameworks */ = {
			isa = PBXFrameworksBuildPhase;
			buildActionMask = 2147483647;
			files = (
			);
			runOnlyForDeploymentPostprocessing = 0;
		};
		68E93E192BE871700096A84F /* Frameworks */ = {
			isa = PBXFrameworksBuildPhase;
			buildActionMask = 2147483647;
			files = (
			);
			runOnlyForDeploymentPostprocessing = 0;
		};
/* End PBXFrameworksBuildPhase section */

/* Begin PBXGroup section */
		68E93DF02BE8716F0096A84F = {
			isa = PBXGroup;
			children = (
				68E93DFB2BE8716F0096A84F /* ProjetoGerenciaFrontEnd */,
				68E93E152BE871700096A84F /* ProjetoGerenciaFrontEndTests */,
				68E93E1F2BE871700096A84F /* ProjetoGerenciaFrontEndUITests */,
				68E93DFA2BE8716F0096A84F /* Products */,
			);
			sourceTree = "<group>";
		};
		68E93DFA2BE8716F0096A84F /* Products */ = {
			isa = PBXGroup;
			children = (
				68E93DF92BE8716F0096A84F /* ProjetoGerenciaFrontEnd.app */,
				68E93E122BE871700096A84F /* ProjetoGerenciaFrontEndTests.xctest */,
				68E93E1C2BE871700096A84F /* ProjetoGerenciaFrontEndUITests.xctest */,
			);
			name = Products;
			sourceTree = "<group>";
		};
		68E93DFB2BE8716F0096A84F /* ProjetoGerenciaFrontEnd */ = {
			isa = PBXGroup;
			children = (
				68E93DFC2BE8716F0096A84F /* AppDelegate.swift */,
				68E93DFE2BE8716F0096A84F /* SceneDelegate.swift */,
				68E93E002BE8716F0096A84F /* ViewController.swift */,
				68E93E022BE8716F0096A84F /* Main.storyboard */,
				68E93E082BE871700096A84F /* Assets.xcassets */,
				68E93E0A2BE871700096A84F /* LaunchScreen.storyboard */,
				68E93E0D2BE871700096A84F /* Info.plist */,
				68E93E052BE8716F0096A84F /* ProjetoGerenciaFrontEnd.xcdatamodeld */,
			);
			path = ProjetoGerenciaFrontEnd;
			sourceTree = "<group>";
		};
		68E93E152BE871700096A84F /* ProjetoGerenciaFrontEndTests */ = {
			isa = PBXGroup;
			children = (
				68E93E162BE871700096A84F /* ProjetoGerenciaFrontEndTests.swift */,
			);
			path = ProjetoGerenciaFrontEndTests;
			sourceTree = "<group>";
		};
		68E93E1F2BE871700096A84F /* ProjetoGerenciaFrontEndUITests */ = {
			isa = PBXGroup;
			children = (
				68E93E202BE871700096A84F /* ProjetoGerenciaFrontEndUITests.swift */,
				68E93E222BE871700096A84F /* ProjetoGerenciaFrontEndUITestsLaunchTests.swift */,
			);
			path = ProjetoGerenciaFrontEndUITests;
			sourceTree = "<group>";
		};
/* End PBXGroup section */

/* Begin PBXNativeTarget section */
		68E93DF82BE8716F0096A84F /* ProjetoGerenciaFrontEnd */ = {
			isa = PBXNativeTarget;
			buildConfigurationList = 68E93E262BE871700096A84F /* Build configuration list for PBXNativeTarget "ProjetoGerenciaFrontEnd" */;
			buildPhases = (
				68E93DF52BE8716F0096A84F /* Sources */,
				68E93DF62BE8716F0096A84F /* Frameworks */,
				68E93DF72BE8716F0096A84F /* Resources */,
			);
			buildRules = (
			);
			dependencies = (
			);
			name = ProjetoGerenciaFrontEnd;
			productName = ProjetoGerenciaFrontEnd;
			productReference = 68E93DF92BE8716F0096A84F /* ProjetoGerenciaFrontEnd.app */;
			productType = "com.apple.product-type.application";
		};
		68E93E112BE871700096A84F /* ProjetoGerenciaFrontEndTests */ = {
			isa = PBXNativeTarget;
			buildConfigurationList = 68E93E292BE871700096A84F /* Build configuration list for PBXNativeTarget "ProjetoGerenciaFrontEndTests" */;
			buildPhases = (
				68E93E0E2BE871700096A84F /* Sources */,
				68E93E0F2BE871700096A84F /* Frameworks */,
				68E93E102BE871700096A84F /* Resources */,
			);
			buildRules = (
			);
			dependencies = (
				68E93E142BE871700096A84F /* PBXTargetDependency */,
			);
			name = ProjetoGerenciaFrontEndTests;
			productName = ProjetoGerenciaFrontEndTests;
			productReference = 68E93E122BE871700096A84F /* ProjetoGerenciaFrontEndTests.xctest */;
			productType = "com.apple.product-type.bundle.unit-test";
		};
		68E93E1B2BE871700096A84F /* ProjetoGerenciaFrontEndUITests */ = {
			isa = PBXNativeTarget;
			buildConfigurationList = 68E93E2C2BE871700096A84F /* Build configuration list for PBXNativeTarget "ProjetoGerenciaFrontEndUITests" */;
			buildPhases = (
				68E93E182BE871700096A84F /* Sources */,
				68E93E192BE871700096A84F /* Frameworks */,
				68E93E1A2BE871700096A84F /* Resources */,
			);
			buildRules = (
			);
			dependencies = (
				68E93E1E2BE871700096A84F /* PBXTargetDependency */,
			);
			name = ProjetoGerenciaFrontEndUITests;
			productName = ProjetoGerenciaFrontEndUITests;
			productReference = 68E93E1C2BE871700096A84F /* ProjetoGerenciaFrontEndUITests.xctest */;
			productType = "com.apple.product-type.bundle.ui-testing";
		};
/* End PBXNativeTarget section */

/* Begin PBXProject section */
		68E93DF12BE8716F0096A84F /* Project object */ = {
			isa = PBXProject;
			attributes = {
				BuildIndependentTargetsInParallel = 1;
				LastSwiftUpdateCheck = 1530;
				LastUpgradeCheck = 1530;
				TargetAttributes = {
					68E93DF82BE8716F0096A84F = {
						CreatedOnToolsVersion = 15.3;
					};
					68E93E112BE871700096A84F = {
						CreatedOnToolsVersion = 15.3;
						TestTargetID = 68E93DF82BE8716F0096A84F;
					};
					68E93E1B2BE871700096A84F = {
						CreatedOnToolsVersion = 15.3;
						TestTargetID = 68E93DF82BE8716F0096A84F;
					};
				};
			};
			buildConfigurationList = 68E93DF42BE8716F0096A84F /* Build configuration list for PBXProject "ProjetoGerenciaFrontEnd" */;
			compatibilityVersion = "Xcode 14.0";
			developmentRegion = en;
			hasScannedForEncodings = 0;
			knownRegions = (
				en,
				Base,
			);
			mainGroup = 68E93DF02BE8716F0096A84F;
			productRefGroup = 68E93DFA2BE8716F0096A84F /* Products */;
			projectDirPath = "";
			projectRoot = "";
			targets = (
				68E93DF82BE8716F0096A84F /* ProjetoGerenciaFrontEnd */,
				68E93E112BE871700096A84F /* ProjetoGerenciaFrontEndTests */,
				68E93E1B2BE871700096A84F /* ProjetoGerenciaFrontEndUITests */,
			);
		};
/* End PBXProject section */

/* Begin PBXResourcesBuildPhase section */
		68E93DF72BE8716F0096A84F /* Resources */ = {
			isa = PBXResourcesBuildPhase;
			buildActionMask = 2147483647;
			files = (
				68E93E092BE871700096A84F /* Assets.xcassets in Resources */,
				68E93E0C2BE871700096A84F /* Base in Resources */,
				68E93E042BE8716F0096A84F /* Base in Resources */,
			);
			runOnlyForDeploymentPostprocessing = 0;
		};
		68E93E102BE871700096A84F /* Resources */ = {
			isa = PBXResourcesBuildPhase;
			buildActionMask = 2147483647;
			files = (
			);
			runOnlyForDeploymentPostprocessing = 0;
		};
		68E93E1A2BE871700096A84F /* Resources */ = {
			isa = PBXResourcesBuildPhase;
			buildActionMask = 2147483647;
			files = (
			);
			runOnlyForDeploymentPostprocessing = 0;
		};
/* End PBXResourcesBuildPhase section */

/* Begin PBXSourcesBuildPhase section */
		68E93DF52BE8716F0096A84F /* Sources */ = {
			isa = PBXSourcesBuildPhase;
			buildActionMask = 2147483647;
			files = (
				68E93E012BE8716F0096A84F /* ViewController.swift in Sources */,
				68E93E072BE8716F0096A84F /* ProjetoGerenciaFrontEnd.xcdatamodeld in Sources */,
				68E93DFD2BE8716F0096A84F /* AppDelegate.swift in Sources */,
				68E93DFF2BE8716F0096A84F /* SceneDelegate.swift in Sources */,
			);
			runOnlyForDeploymentPostprocessing = 0;
		};
		68E93E0E2BE871700096A84F /* Sources */ = {
			isa = PBXSourcesBuildPhase;
			buildActionMask = 2147483647;
			files = (
				68E93E172BE871700096A84F /* ProjetoGerenciaFrontEndTests.swift in Sources */,
			);
			runOnlyForDeploymentPostprocessing = 0;
		};
		68E93E182BE871700096A84F /* Sources */ = {
			isa = PBXSourcesBuildPhase;
			buildActionMask = 2147483647;
			files = (
				68E93E232BE871700096A84F /* ProjetoGerenciaFrontEndUITestsLaunchTests.swift in Sources */,
				68E93E212BE871700096A84F /* ProjetoGerenciaFrontEndUITests.swift in Sources */,
			);
			runOnlyForDeploymentPostprocessing = 0;
		};
/* End PBXSourcesBuildPhase section */

/* Begin PBXTargetDependency section */
		68E93E142BE871700096A84F /* PBXTargetDependency */ = {
			isa = PBXTargetDependency;
			target = 68E93DF82BE8716F0096A84F /* ProjetoGerenciaFrontEnd */;
			targetProxy = 68E93E132BE871700096A84F /* PBXContainerItemProxy */;
		};
		68E93E1E2BE871700096A84F /* PBXTargetDependency */ = {
			isa = PBXTargetDependency;
			target = 68E93DF82BE8716F0096A84F /* ProjetoGerenciaFrontEnd */;
			targetProxy = 68E93E1D2BE871700096A84F /* PBXContainerItemProxy */;
		};
/* End PBXTargetDependency section */

/* Begin PBXVariantGroup section */
		68E93E022BE8716F0096A84F /* Main.storyboard */ = {
			isa = PBXVariantGroup;
			children = (
				68E93E032BE8716F0096A84F /* Base */,
			);
			name = Main.storyboard;
			sourceTree = "<group>";
		};
		68E93E0A2BE871700096A84F /* LaunchScreen.storyboard */ = {
			isa = PBXVariantGroup;
			children = (
				68E93E0B2BE871700096A84F /* Base */,
			);
			name = LaunchScreen.storyboard;
			sourceTree = "<group>";
		};
/* End PBXVariantGroup section */

/* Begin XCBuildConfiguration section */
		68E93E242BE871700096A84F /* Debug */ = {
			isa = XCBuildConfiguration;
			buildSettings = {
				ALWAYS_SEARCH_USER_PATHS = NO;
				ASSETCATALOG_COMPILER_GENERATE_SWIFT_ASSET_SYMBOL_EXTENSIONS = YES;
				CLANG_ANALYZER_NONNULL = YES;
				CLANG_ANALYZER_NUMBER_OBJECT_CONVERSION = YES_AGGRESSIVE;
				CLANG_CXX_LANGUAGE_STANDARD = "gnu++20";
				CLANG_ENABLE_MODULES = YES;
				CLANG_ENABLE_OBJC_ARC = YES;
				CLANG_ENABLE_OBJC_WEAK = YES;
				CLANG_WARN_BLOCK_CAPTURE_AUTORELEASING = YES;
				CLANG_WARN_BOOL_CONVERSION = YES;
				CLANG_WARN_COMMA = YES;
				CLANG_WARN_CONSTANT_CONVERSION = YES;
				CLANG_WARN_DEPRECATED_OBJC_IMPLEMENTATIONS = YES;
				CLANG_WARN_DIRECT_OBJC_ISA_USAGE = YES_ERROR;
				CLANG_WARN_DOCUMENTATION_COMMENTS = YES;
				CLANG_WARN_EMPTY_BODY = YES;
				CLANG_WARN_ENUM_CONVERSION = YES;
				CLANG_WARN_INFINITE_RECURSION = YES;
				CLANG_WARN_INT_CONVERSION = YES;
				CLANG_WARN_NON_LITERAL_NULL_CONVERSION = YES;
				CLANG_WARN_OBJC_IMPLICIT_RETAIN_SELF = YES;
				CLANG_WARN_OBJC_LITERAL_CONVERSION = YES;
				CLANG_WARN_OBJC_ROOT_CLASS = YES_ERROR;
				CLANG_WARN_QUOTED_INCLUDE_IN_FRAMEWORK_HEADER = YES;
				CLANG_WARN_RANGE_LOOP_ANALYSIS = YES;
				CLANG_WARN_STRICT_PROTOTYPES = YES;
				CLANG_WARN_SUSPICIOUS_MOVE = YES;
				CLANG_WARN_UNGUARDED_AVAILABILITY = YES_AGGRESSIVE;
				CLANG_WARN_UNREACHABLE_CODE = YES;
				CLANG_WARN__DUPLICATE_METHOD_MATCH = YES;
				COPY_PHASE_STRIP = NO;
				DEBUG_INFORMATION_FORMAT = dwarf;
				ENABLE_STRICT_OBJC_MSGSEND = YES;
				ENABLE_TESTABILITY = YES;
				ENABLE_USER_SCRIPT_SANDBOXING = YES;
				GCC_C_LANGUAGE_STANDARD = gnu17;
				GCC_DYNAMIC_NO_PIC = NO;
				GCC_NO_COMMON_BLOCKS = YES;
				GCC_OPTIMIZATION_LEVEL = 0;
				GCC_PREPROCESSOR_DEFINITIONS = (
					"DEBUG=1",
					"$(inherited)",
				);
				GCC_WARN_64_TO_32_BIT_CONVERSION = YES;
				GCC_WARN_ABOUT_RETURN_TYPE = YES_ERROR;
				GCC_WARN_UNDECLARED_SELECTOR = YES;
				GCC_WARN_UNINITIALIZED_AUTOS = YES_AGGRESSIVE;
				GCC_WARN_UNUSED_FUNCTION = YES;
				GCC_WARN_UNUSED_VARIABLE = YES;
				IPHONEOS_DEPLOYMENT_TARGET = 17.4;
				LOCALIZATION_PREFERS_STRING_CATALOGS = YES;
				MTL_ENABLE_DEBUG_INFO = INCLUDE_SOURCE;
				MTL_FAST_MATH = YES;
				ONLY_ACTIVE_ARCH = YES;
				SDKROOT = iphoneos;
				SWIFT_ACTIVE_COMPILATION_CONDITIONS = "DEBUG $(inherited)";
				SWIFT_OPTIMIZATION_LEVEL = "-Onone";
			};
			name = Debug;
		};
		68E93E252BE871700096A84F /* Release */ = {
			isa = XCBuildConfiguration;
			buildSettings = {
				ALWAYS_SEARCH_USER_PATHS = NO;
				ASSETCATALOG_COMPILER_GENERATE_SWIFT_ASSET_SYMBOL_EXTENSIONS = YES;
				CLANG_ANALYZER_NONNULL = YES;
				CLANG_ANALYZER_NUMBER_OBJECT_CONVERSION = YES_AGGRESSIVE;
				CLANG_CXX_LANGUAGE_STANDARD = "gnu++20";
				CLANG_ENABLE_MODULES = YES;
				CLANG_ENABLE_OBJC_ARC = YES;
				CLANG_ENABLE_OBJC_WEAK = YES;
				CLANG_WARN_BLOCK_CAPTURE_AUTORELEASING = YES;
				CLANG_WARN_BOOL_CONVERSION = YES;
				CLANG_WARN_COMMA = YES;
				CLANG_WARN_CONSTANT_CONVERSION = YES;
				CLANG_WARN_DEPRECATED_OBJC_IMPLEMENTATIONS = YES;
				CLANG_WARN_DIRECT_OBJC_ISA_USAGE = YES_ERROR;
				CLANG_WARN_DOCUMENTATION_COMMENTS = YES;
				CLANG_WARN_EMPTY_BODY = YES;
				CLANG_WARN_ENUM_CONVERSION = YES;
				CLANG_WARN_INFINITE_RECURSION = YES;
				CLANG_WARN_INT_CONVERSION = YES;
				CLANG_WARN_NON_LITERAL_NULL_CONVERSION = YES;
				CLANG_WARN_OBJC_IMPLICIT_RETAIN_SELF = YES;
				CLANG_WARN_OBJC_LITERAL_CONVERSION = YES;
				CLANG_WARN_OBJC_ROOT_CLASS = YES_ERROR;
				CLANG_WARN_QUOTED_INCLUDE_IN_FRAMEWORK_HEADER = YES;
				CLANG_WARN_RANGE_LOOP_ANALYSIS = YES;
				CLANG_WARN_STRICT_PROTOTYPES = YES;
				CLANG_WARN_SUSPICIOUS_MOVE = YES;
				CLANG_WARN_UNGUARDED_AVAILABILITY = YES_AGGRESSIVE;
				CLANG_WARN_UNREACHABLE_CODE = YES;
				CLANG_WARN__DUPLICATE_METHOD_MATCH = YES;
				COPY_PHASE_STRIP = NO;
				DEBUG_INFORMATION_FORMAT = "dwarf-with-dsym";
				ENABLE_NS_ASSERTIONS = NO;
				ENABLE_STRICT_OBJC_MSGSEND = YES;
				ENABLE_USER_SCRIPT_SANDBOXING = YES;
				GCC_C_LANGUAGE_STANDARD = gnu17;
				GCC_NO_COMMON_BLOCKS = YES;
				GCC_WARN_64_TO_32_BIT_CONVERSION = YES;
				GCC_WARN_ABOUT_RETURN_TYPE = YES_ERROR;
				GCC_WARN_UNDECLARED_SELECTOR = YES;
				GCC_WARN_UNINITIALIZED_AUTOS = YES_AGGRESSIVE;
				GCC_WARN_UNUSED_FUNCTION = YES;
				GCC_WARN_UNUSED_VARIABLE = YES;
				IPHONEOS_DEPLOYMENT_TARGET = 17.4;
				LOCALIZATION_PREFERS_STRING_CATALOGS = YES;
				MTL_ENABLE_DEBUG_INFO = NO;
				MTL_FAST_MATH = YES;
				SDKROOT = iphoneos;
				SWIFT_COMPILATION_MODE = wholemodule;
				VALIDATE_PRODUCT = YES;
			};
			name = Release;
		};
		68E93E272BE871700096A84F /* Debug */ = {
			isa = XCBuildConfiguration;
			buildSettings = {
				ASSETCATALOG_COMPILER_APPICON_NAME = AppIcon;
				ASSETCATALOG_COMPILER_GLOBAL_ACCENT_COLOR_NAME = AccentColor;
				CODE_SIGN_STYLE = Automatic;
				CURRENT_PROJECT_VERSION = 1;
				GENERATE_INFOPLIST_FILE = YES;
				INFOPLIST_FILE = ProjetoGerenciaFrontEnd/Info.plist;
				INFOPLIST_KEY_UIApplicationSupportsIndirectInputEvents = YES;
				INFOPLIST_KEY_UILaunchStoryboardName = LaunchScreen;
				INFOPLIST_KEY_UIMainStoryboardFile = Main;
				INFOPLIST_KEY_UISupportedInterfaceOrientations_iPad = "UIInterfaceOrientationPortrait UIInterfaceOrientationPortraitUpsideDown UIInterfaceOrientationLandscapeLeft UIInterfaceOrientationLandscapeRight";
				INFOPLIST_KEY_UISupportedInterfaceOrientations_iPhone = "UIInterfaceOrientationPortrait UIInterfaceOrientationLandscapeLeft UIInterfaceOrientationLandscapeRight";
				LD_RUNPATH_SEARCH_PATHS = (
					"$(inherited)",
					"@executable_path/Frameworks",
				);
				MARKETING_VERSION = 1.0;
				PRODUCT_BUNDLE_IDENTIFIER = puc.ProjetoGerenciaFrontEnd;
				PRODUCT_NAME = "$(TARGET_NAME)";
				SWIFT_EMIT_LOC_STRINGS = YES;
				SWIFT_VERSION = 5.0;
				TARGETED_DEVICE_FAMILY = "1,2";
			};
			name = Debug;
		};
		68E93E282BE871700096A84F /* Release */ = {
			isa = XCBuildConfiguration;
			buildSettings = {
				ASSETCATALOG_COMPILER_APPICON_NAME = AppIcon;
				ASSETCATALOG_COMPILER_GLOBAL_ACCENT_COLOR_NAME = AccentColor;
				CODE_SIGN_STYLE = Automatic;
				CURRENT_PROJECT_VERSION = 1;
				GENERATE_INFOPLIST_FILE = YES;
				INFOPLIST_FILE = ProjetoGerenciaFrontEnd/Info.plist;
				INFOPLIST_KEY_UIApplicationSupportsIndirectInputEvents = YES;
				INFOPLIST_KEY_UILaunchStoryboardName = LaunchScreen;
				INFOPLIST_KEY_UIMainStoryboardFile = Main;
				INFOPLIST_KEY_UISupportedInterfaceOrientations_iPad = "UIInterfaceOrientationPortrait UIInterfaceOrientationPortraitUpsideDown UIInterfaceOrientationLandscapeLeft UIInterfaceOrientationLandscapeRight";
				INFOPLIST_KEY_UISupportedInterfaceOrientations_iPhone = "UIInterfaceOrientationPortrait UIInterfaceOrientationLandscapeLeft UIInterfaceOrientationLandscapeRight";
				LD_RUNPATH_SEARCH_PATHS = (
					"$(inherited)",
					"@executable_path/Frameworks",
				);
				MARKETING_VERSION = 1.0;
				PRODUCT_BUNDLE_IDENTIFIER = puc.ProjetoGerenciaFrontEnd;
				PRODUCT_NAME = "$(TARGET_NAME)";
				SWIFT_EMIT_LOC_STRINGS = YES;
				SWIFT_VERSION = 5.0;
				TARGETED_DEVICE_FAMILY = "1,2";
			};
			name = Release;
		};
		68E93E2A2BE871700096A84F /* Debug */ = {
			isa = XCBuildConfiguration;
			buildSettings = {
				ALWAYS_EMBED_SWIFT_STANDARD_LIBRARIES = YES;
				BUNDLE_LOADER = "$(TEST_HOST)";
				CODE_SIGN_STYLE = Automatic;
				CURRENT_PROJECT_VERSION = 1;
				GENERATE_INFOPLIST_FILE = YES;
				IPHONEOS_DEPLOYMENT_TARGET = 17.4;
				MARKETING_VERSION = 1.0;
				PRODUCT_BUNDLE_IDENTIFIER = puc.ProjetoGerenciaFrontEndTests;
				PRODUCT_NAME = "$(TARGET_NAME)";
				SWIFT_EMIT_LOC_STRINGS = NO;
				SWIFT_VERSION = 5.0;
				TARGETED_DEVICE_FAMILY = "1,2";
				TEST_HOST = "$(BUILT_PRODUCTS_DIR)/ProjetoGerenciaFrontEnd.app/$(BUNDLE_EXECUTABLE_FOLDER_PATH)/ProjetoGerenciaFrontEnd";
			};
			name = Debug;
		};
		68E93E2B2BE871700096A84F /* Release */ = {
			isa = XCBuildConfiguration;
			buildSettings = {
				ALWAYS_EMBED_SWIFT_STANDARD_LIBRARIES = YES;
				BUNDLE_LOADER = "$(TEST_HOST)";
				CODE_SIGN_STYLE = Automatic;
				CURRENT_PROJECT_VERSION = 1;
				GENERATE_INFOPLIST_FILE = YES;
				IPHONEOS_DEPLOYMENT_TARGET = 17.4;
				MARKETING_VERSION = 1.0;
				PRODUCT_BUNDLE_IDENTIFIER = puc.ProjetoGerenciaFrontEndTests;
				PRODUCT_NAME = "$(TARGET_NAME)";
				SWIFT_EMIT_LOC_STRINGS = NO;
				SWIFT_VERSION = 5.0;
				TARGETED_DEVICE_FAMILY = "1,2";
				TEST_HOST = "$(BUILT_PRODUCTS_DIR)/ProjetoGerenciaFrontEnd.app/$(BUNDLE_EXECUTABLE_FOLDER_PATH)/ProjetoGerenciaFrontEnd";
			};
			name = Release;
		};
		68E93E2D2BE871700096A84F /* Debug */ = {
			isa = XCBuildConfiguration;
			buildSettings = {
				ALWAYS_EMBED_SWIFT_STANDARD_LIBRARIES = YES;
				CODE_SIGN_STYLE = Automatic;
				CURRENT_PROJECT_VERSION = 1;
				GENERATE_INFOPLIST_FILE = YES;
				MARKETING_VERSION = 1.0;
				PRODUCT_BUNDLE_IDENTIFIER = puc.ProjetoGerenciaFrontEndUITests;
				PRODUCT_NAME = "$(TARGET_NAME)";
				SWIFT_EMIT_LOC_STRINGS = NO;
				SWIFT_VERSION = 5.0;
				TARGETED_DEVICE_FAMILY = "1,2";
				TEST_TARGET_NAME = ProjetoGerenciaFrontEnd;
			};
			name = Debug;
		};
		68E93E2E2BE871700096A84F /* Release */ = {
			isa = XCBuildConfiguration;
			buildSettings = {
				ALWAYS_EMBED_SWIFT_STANDARD_LIBRARIES = YES;
				CODE_SIGN_STYLE = Automatic;
				CURRENT_PROJECT_VERSION = 1;
				GENERATE_INFOPLIST_FILE = YES;
				MARKETING_VERSION = 1.0;
				PRODUCT_BUNDLE_IDENTIFIER = puc.ProjetoGerenciaFrontEndUITests;
				PRODUCT_NAME = "$(TARGET_NAME)";
				SWIFT_EMIT_LOC_STRINGS = NO;
				SWIFT_VERSION = 5.0;
				TARGETED_DEVICE_FAMILY = "1,2";
				TEST_TARGET_NAME = ProjetoGerenciaFrontEnd;
			};
			name = Release;
		};
/* End XCBuildConfiguration section */

/* Begin XCConfigurationList section */
		68E93DF42BE8716F0096A84F /* Build configuration list for PBXProject "ProjetoGerenciaFrontEnd" */ = {
			isa = XCConfigurationList;
			buildConfigurations = (
				68E93E242BE871700096A84F /* Debug */,
				68E93E252BE871700096A84F /* Release */,
			);
			defaultConfigurationIsVisible = 0;
			defaultConfigurationName = Release;
		};
		68E93E262BE871700096A84F /* Build configuration list for PBXNativeTarget "ProjetoGerenciaFrontEnd" */ = {
			isa = XCConfigurationList;
			buildConfigurations = (
				68E93E272BE871700096A84F /* Debug */,
				68E93E282BE871700096A84F /* Release */,
			);
			defaultConfigurationIsVisible = 0;
			defaultConfigurationName = Release;
		};
		68E93E292BE871700096A84F /* Build configuration list for PBXNativeTarget "ProjetoGerenciaFrontEndTests" */ = {
			isa = XCConfigurationList;
			buildConfigurations = (
				68E93E2A2BE871700096A84F /* Debug */,
				68E93E2B2BE871700096A84F /* Release */,
			);
			defaultConfigurationIsVisible = 0;
			defaultConfigurationName = Release;
		};
		68E93E2C2BE871700096A84F /* Build configuration list for PBXNativeTarget "ProjetoGerenciaFrontEndUITests" */ = {
			isa = XCConfigurationList;
			buildConfigurations = (
				68E93E2D2BE871700096A84F /* Debug */,
				68E93E2E2BE871700096A84F /* Release */,
			);
			defaultConfigurationIsVisible = 0;
			defaultConfigurationName = Release;
		};
/* End XCConfigurationList section */

/* Begin XCVersionGroup section */
		68E93E052BE8716F0096A84F /* ProjetoGerenciaFrontEnd.xcdatamodeld */ = {
			isa = XCVersionGroup;
			children = (
				68E93E062BE8716F0096A84F /* ProjetoGerenciaFrontEnd.xcdatamodel */,
			);
			currentVersion = 68E93E062BE8716F0096A84F /* ProjetoGerenciaFrontEnd.xcdatamodel */;
			path = ProjetoGerenciaFrontEnd.xcdatamodeld;
			sourceTree = "<group>";
			versionGroupType = wrapper.xcdatamodel;
		};
/* End XCVersionGroup section */
	};
	rootObject = 68E93DF12BE8716F0096A84F /* Project object */;
}
